// !$*UTF8*$!
{
	archiveVersion = 1;
	classes = {
	};
	objectVersion = 56;
	objects = {

/* Begin PBXBuildFile section */
		CE2DFAB32A3893030041E44D /* ImageVC.swift in Sources */ = {isa = PBXBuildFile; fileRef = CE2DFAB22A3893030041E44D /* ImageVC.swift */; };
		CEB3BF262A36D51300E71801 /* AppDelegate.swift in Sources */ = {isa = PBXBuildFile; fileRef = CEB3BF252A36D51300E71801 /* AppDelegate.swift */; };
		CEB3BF282A36D51300E71801 /* SceneDelegate.swift in Sources */ = {isa = PBXBuildFile; fileRef = CEB3BF272A36D51300E71801 /* SceneDelegate.swift */; };
		CEB3BF2A2A36D51300E71801 /* ViewController.swift in Sources */ = {isa = PBXBuildFile; fileRef = CEB3BF292A36D51300E71801 /* ViewController.swift */; };
		CEB3BF2D2A36D51300E71801 /* Main.storyboard in Resources */ = {isa = PBXBuildFile; fileRef = CEB3BF2B2A36D51300E71801 /* Main.storyboard */; };
		CEB3BF2F2A36D51400E71801 /* Assets.xcassets in Resources */ = {isa = PBXBuildFile; fileRef = CEB3BF2E2A36D51400E71801 /* Assets.xcassets */; };
		CEB3BF322A36D51400E71801 /* LaunchScreen.storyboard in Resources */ = {isa = PBXBuildFile; fileRef = CEB3BF302A36D51400E71801 /* LaunchScreen.storyboard */; };
		CEB3BF3D2A36D51500E71801 /* pencilKitTests.swift in Sources */ = {isa = PBXBuildFile; fileRef = CEB3BF3C2A36D51500E71801 /* pencilKitTests.swift */; };
		CEB3BF472A36D51500E71801 /* pencilKitUITests.swift in Sources */ = {isa = PBXBuildFile; fileRef = CEB3BF462A36D51500E71801 /* pencilKitUITests.swift */; };
		CEB3BF492A36D51500E71801 /* pencilKitUITestsLaunchTests.swift in Sources */ = {isa = PBXBuildFile; fileRef = CEB3BF482A36D51500E71801 /* pencilKitUITestsLaunchTests.swift */; };
/* End PBXBuildFile section */

/* Begin PBXContainerItemProxy section */
		CEB3BF392A36D51500E71801 /* PBXContainerItemProxy */ = {
			isa = PBXContainerItemProxy;
			containerPortal = CEB3BF1A2A36D51300E71801 /* Project object */;
			proxyType = 1;
			remoteGlobalIDString = CEB3BF212A36D51300E71801;
			remoteInfo = pencilKit;
		};
		CEB3BF432A36D51500E71801 /* PBXContainerItemProxy */ = {
			isa = PBXContainerItemProxy;
			containerPortal = CEB3BF1A2A36D51300E71801 /* Project object */;
			proxyType = 1;
			remoteGlobalIDString = CEB3BF212A36D51300E71801;
			remoteInfo = pencilKit;
		};
/* End PBXContainerItemProxy section */

/* Begin PBXFileReference section */
		CE2DFAB22A3893030041E44D /* ImageVC.swift */ = {isa = PBXFileReference; lastKnownFileType = sourcecode.swift; path = ImageVC.swift; sourceTree = "<group>"; };
		CEB3BF222A36D51300E71801 /* pencilKit.app */ = {isa = PBXFileReference; explicitFileType = wrapper.application; includeInIndex = 0; path = pencilKit.app; sourceTree = BUILT_PRODUCTS_DIR; };
		CEB3BF252A36D51300E71801 /* AppDelegate.swift */ = {isa = PBXFileReference; lastKnownFileType = sourcecode.swift; path = AppDelegate.swift; sourceTree = "<group>"; };
		CEB3BF272A36D51300E71801 /* SceneDelegate.swift */ = {isa = PBXFileReference; lastKnownFileType = sourcecode.swift; path = SceneDelegate.swift; sourceTree = "<group>"; };
		CEB3BF292A36D51300E71801 /* ViewController.swift */ = {isa = PBXFileReference; lastKnownFileType = sourcecode.swift; path = ViewController.swift; sourceTree = "<group>"; };
		CEB3BF2C2A36D51300E71801 /* Base */ = {isa = PBXFileReference; lastKnownFileType = file.storyboard; name = Base; path = Base.lproj/Main.storyboard; sourceTree = "<group>"; };
		CEB3BF2E2A36D51400E71801 /* Assets.xcassets */ = {isa = PBXFileReference; lastKnownFileType = folder.assetcatalog; path = Assets.xcassets; sourceTree = "<group>"; };
		CEB3BF312A36D51400E71801 /* Base */ = {isa = PBXFileReference; lastKnownFileType = file.storyboard; name = Base; path = Base.lproj/LaunchScreen.storyboard; sourceTree = "<group>"; };
		CEB3BF332A36D51400E71801 /* Info.plist */ = {isa = PBXFileReference; lastKnownFileType = text.plist.xml; path = Info.plist; sourceTree = "<group>"; };
		CEB3BF382A36D51500E71801 /* pencilKitTests.xctest */ = {isa = PBXFileReference; explicitFileType = wrapper.cfbundle; includeInIndex = 0; path = pencilKitTests.xctest; sourceTree = BUILT_PRODUCTS_DIR; };
		CEB3BF3C2A36D51500E71801 /* pencilKitTests.swift */ = {isa = PBXFileReference; lastKnownFileType = sourcecode.swift; path = pencilKitTests.swift; sourceTree = "<group>"; };
		CEB3BF422A36D51500E71801 /* pencilKitUITests.xctest */ = {isa = PBXFileReference; explicitFileType = wrapper.cfbundle; includeInIndex = 0; path = pencilKitUITests.xctest; sourceTree = BUILT_PRODUCTS_DIR; };
		CEB3BF462A36D51500E71801 /* pencilKitUITests.swift */ = {isa = PBXFileReference; lastKnownFileType = sourcecode.swift; path = pencilKitUITests.swift; sourceTree = "<group>"; };
		CEB3BF482A36D51500E71801 /* pencilKitUITestsLaunchTests.swift */ = {isa = PBXFileReference; lastKnownFileType = sourcecode.swift; path = pencilKitUITestsLaunchTests.swift; sourceTree = "<group>"; };
/* End PBXFileReference section */

/* Begin PBXFrameworksBuildPhase section */
		CEB3BF1F2A36D51300E71801 /* Frameworks */ = {
			isa = PBXFrameworksBuildPhase;
			buildActionMask = 2147483647;
			files = (
			);
			runOnlyForDeploymentPostprocessing = 0;
		};
		CEB3BF352A36D51500E71801 /* Frameworks */ = {
			isa = PBXFrameworksBuildPhase;
			buildActionMask = 2147483647;
			files = (
			);
			runOnlyForDeploymentPostprocessing = 0;
		};
		CEB3BF3F2A36D51500E71801 /* Frameworks */ = {
			isa = PBXFrameworksBuildPhase;
			buildActionMask = 2147483647;
			files = (
			);
			runOnlyForDeploymentPostprocessing = 0;
		};
/* End PBXFrameworksBuildPhase section */

/* Begin PBXGroup section */
		CEB3BF192A36D51300E71801 = {
			isa = PBXGroup;
			children = (
				CEB3BF242A36D51300E71801 /* pencilKit */,
				CEB3BF3B2A36D51500E71801 /* pencilKitTests */,
				CEB3BF452A36D51500E71801 /* pencilKitUITests */,
				CEB3BF232A36D51300E71801 /* Products */,
			);
			sourceTree = "<group>";
		};
		CEB3BF232A36D51300E71801 /* Products */ = {
			isa = PBXGroup;
			children = (
				CEB3BF222A36D51300E71801 /* pencilKit.app */,
				CEB3BF382A36D51500E71801 /* pencilKitTests.xctest */,
				CEB3BF422A36D51500E71801 /* pencilKitUITests.xctest */,
			);
			name = Products;
			sourceTree = "<group>";
		};
		CEB3BF242A36D51300E71801 /* pencilKit */ = {
			isa = PBXGroup;
			children = (
				CEB3BF252A36D51300E71801 /* AppDelegate.swift */,
				CEB3BF272A36D51300E71801 /* SceneDelegate.swift */,
				CEB3BF292A36D51300E71801 /* ViewController.swift */,
				CE2DFAB22A3893030041E44D /* ImageVC.swift */,
				CEB3BF2B2A36D51300E71801 /* Main.storyboard */,
				CEB3BF2E2A36D51400E71801 /* Assets.xcassets */,
				CEB3BF302A36D51400E71801 /* LaunchScreen.storyboard */,
				CEB3BF332A36D51400E71801 /* Info.plist */,
			);
			path = pencilKit;
			sourceTree = "<group>";
		};
		CEB3BF3B2A36D51500E71801 /* pencilKitTests */ = {
			isa = PBXGroup;
			children = (
				CEB3BF3C2A36D51500E71801 /* pencilKitTests.swift */,
			);
			path = pencilKitTests;
			sourceTree = "<group>";
		};
		CEB3BF452A36D51500E71801 /* pencilKitUITests */ = {
			isa = PBXGroup;
			children = (
				CEB3BF462A36D51500E71801 /* pencilKitUITests.swift */,
				CEB3BF482A36D51500E71801 /* pencilKitUITestsLaunchTests.swift */,
			);
			path = pencilKitUITests;
			sourceTree = "<group>";
		};
/* End PBXGroup section */

/* Begin PBXNativeTarget section */
		CEB3BF212A36D51300E71801 /* pencilKit */ = {
			isa = PBXNativeTarget;
			buildConfigurationList = CEB3BF4C2A36D51500E71801 /* Build configuration list for PBXNativeTarget "pencilKit" */;
			buildPhases = (
				CEB3BF1E2A36D51300E71801 /* Sources */,
				CEB3BF1F2A36D51300E71801 /* Frameworks */,
				CEB3BF202A36D51300E71801 /* Resources */,
			);
			buildRules = (
			);
			dependencies = (
			);
			name = pencilKit;
			productName = pencilKit;
			productReference = CEB3BF222A36D51300E71801 /* pencilKit.app */;
			productType = "com.apple.product-type.application";
		};
		CEB3BF372A36D51500E71801 /* pencilKitTests */ = {
			isa = PBXNativeTarget;
			buildConfigurationList = CEB3BF4F2A36D51500E71801 /* Build configuration list for PBXNativeTarget "pencilKitTests" */;
			buildPhases = (
				CEB3BF342A36D51500E71801 /* Sources */,
				CEB3BF352A36D51500E71801 /* Frameworks */,
				CEB3BF362A36D51500E71801 /* Resources */,
			);
			buildRules = (
			);
			dependencies = (
				CEB3BF3A2A36D51500E71801 /* PBXTargetDependency */,
			);
			name = pencilKitTests;
			productName = pencilKitTests;
			productReference = CEB3BF382A36D51500E71801 /* pencilKitTests.xctest */;
			productType = "com.apple.product-type.bundle.unit-test";
		};
		CEB3BF412A36D51500E71801 /* pencilKitUITests */ = {
			isa = PBXNativeTarget;
			buildConfigurationList = CEB3BF522A36D51500E71801 /* Build configuration list for PBXNativeTarget "pencilKitUITests" */;
			buildPhases = (
				CEB3BF3E2A36D51500E71801 /* Sources */,
				CEB3BF3F2A36D51500E71801 /* Frameworks */,
				CEB3BF402A36D51500E71801 /* Resources */,
			);
			buildRules = (
			);
			dependencies = (
				CEB3BF442A36D51500E71801 /* PBXTargetDependency */,
			);
			name = pencilKitUITests;
			productName = pencilKitUITests;
			productReference = CEB3BF422A36D51500E71801 /* pencilKitUITests.xctest */;
			productType = "com.apple.product-type.bundle.ui-testing";
		};
/* End PBXNativeTarget section */

/* Begin PBXProject section */
		CEB3BF1A2A36D51300E71801 /* Project object */ = {
			isa = PBXProject;
			attributes = {
				BuildIndependentTargetsInParallel = 1;
				LastSwiftUpdateCheck = 1430;
				LastUpgradeCheck = 1430;
				TargetAttributes = {
					CEB3BF212A36D51300E71801 = {
						CreatedOnToolsVersion = 14.3.1;
					};
					CEB3BF372A36D51500E71801 = {
						CreatedOnToolsVersion = 14.3.1;
						TestTargetID = CEB3BF212A36D51300E71801;
					};
					CEB3BF412A36D51500E71801 = {
						CreatedOnToolsVersion = 14.3.1;
						TestTargetID = CEB3BF212A36D51300E71801;
					};
				};
			};
			buildConfigurationList = CEB3BF1D2A36D51300E71801 /* Build configuration list for PBXProject "pencilKit" */;
			compatibilityVersion = "Xcode 14.0";
			developmentRegion = en;
			hasScannedForEncodings = 0;
			knownRegions = (
				en,
				Base,
			);
			mainGroup = CEB3BF192A36D51300E71801;
			productRefGroup = CEB3BF232A36D51300E71801 /* Products */;
			projectDirPath = "";
			projectRoot = "";
			targets = (
				CEB3BF212A36D51300E71801 /* pencilKit */,
				CEB3BF372A36D51500E71801 /* pencilKitTests */,
				CEB3BF412A36D51500E71801 /* pencilKitUITests */,
			);
		};
/* End PBXProject section */

/* Begin PBXResourcesBuildPhase section */
		CEB3BF202A36D51300E71801 /* Resources */ = {
			isa = PBXResourcesBuildPhase;
			buildActionMask = 2147483647;
			files = (
				CEB3BF322A36D51400E71801 /* LaunchScreen.storyboard in Resources */,
				CEB3BF2F2A36D51400E71801 /* Assets.xcassets in Resources */,
				CEB3BF2D2A36D51300E71801 /* Main.storyboard in Resources */,
			);
			runOnlyForDeploymentPostprocessing = 0;
		};
		CEB3BF362A36D51500E71801 /* Resources */ = {
			isa = PBXResourcesBuildPhase;
			buildActionMask = 2147483647;
			files = (
			);
			runOnlyForDeploymentPostprocessing = 0;
		};
		CEB3BF402A36D51500E71801 /* Resources */ = {
			isa = PBXResourcesBuildPhase;
			buildActionMask = 2147483647;
			files = (
			);
			runOnlyForDeploymentPostprocessing = 0;
		};
/* End PBXResourcesBuildPhase section */

/* Begin PBXSourcesBuildPhase section */
		CEB3BF1E2A36D51300E71801 /* Sources */ = {
			isa = PBXSourcesBuildPhase;
			buildActionMask = 2147483647;
			files = (
				CE2DFAB32A3893030041E44D /* ImageVC.swift in Sources */,
				CEB3BF2A2A36D51300E71801 /* ViewController.swift in Sources */,
				CEB3BF262A36D51300E71801 /* AppDelegate.swift in Sources */,
				CEB3BF282A36D51300E71801 /* SceneDelegate.swift in Sources */,
			);
			runOnlyForDeploymentPostprocessing = 0;
		};
		CEB3BF342A36D51500E71801 /* Sources */ = {
			isa = PBXSourcesBuildPhase;
			buildActionMask = 2147483647;
			files = (
				CEB3BF3D2A36D51500E71801 /* pencilKitTests.swift in Sources */,
			);
			runOnlyForDeploymentPostprocessing = 0;
		};
		CEB3BF3E2A36D51500E71801 /* Sources */ = {
			isa = PBXSourcesBuildPhase;
			buildActionMask = 2147483647;
			files = (
				CEB3BF492A36D51500E71801 /* pencilKitUITestsLaunchTests.swift in Sources */,
				CEB3BF472A36D51500E71801 /* pencilKitUITests.swift in Sources */,
			);
			runOnlyForDeploymentPostprocessing = 0;
		};
/* End PBXSourcesBuildPhase section */

/* Begin PBXTargetDependency section */
		CEB3BF3A2A36D51500E71801 /* PBXTargetDependency */ = {
			isa = PBXTargetDependency;
			target = CEB3BF212A36D51300E71801 /* pencilKit */;
			targetProxy = CEB3BF392A36D51500E71801 /* PBXContainerItemProxy */;
		};
		CEB3BF442A36D51500E71801 /* PBXTargetDependency */ = {
			isa = PBXTargetDependency;
			target = CEB3BF212A36D51300E71801 /* pencilKit */;
			targetProxy = CEB3BF432A36D51500E71801 /* PBXContainerItemProxy */;
		};
/* End PBXTargetDependency section */

/* Begin PBXVariantGroup section */
		CEB3BF2B2A36D51300E71801 /* Main.storyboard */ = {
			isa = PBXVariantGroup;
			children = (
				CEB3BF2C2A36D51300E71801 /* Base */,
			);
			name = Main.storyboard;
			sourceTree = "<group>";
		};
		CEB3BF302A36D51400E71801 /* LaunchScreen.storyboard */ = {
			isa = PBXVariantGroup;
			children = (
				CEB3BF312A36D51400E71801 /* Base */,
			);
			name = LaunchScreen.storyboard;
			sourceTree = "<group>";
		};
/* End PBXVariantGroup section */

/* Begin XCBuildConfiguration section */
		CEB3BF4A2A36D51500E71801 /* Debug */ = {
			isa = XCBuildConfiguration;
			buildSettings = {
				ALWAYS_SEARCH_USER_PATHS = NO;
				CLANG_ANALYZER_NONNULL = YES;
				CLANG_ANALYZER_NUMBER_OBJECT_CONVERSION = YES_AGGRESSIVE;
				CLANG_CXX_LANGUAGE_STANDARD = "gnu++20";
				CLANG_ENABLE_MODULES = YES;
				CLANG_ENABLE_OBJC_ARC = YES;
				CLANG_ENABLE_OBJC_WEAK = YES;
				CLANG_WARN_BLOCK_CAPTURE_AUTORELEASING = YES;
				CLANG_WARN_BOOL_CONVERSION = YES;
				CLANG_WARN_COMMA = YES;
				CLANG_WARN_CONSTANT_CONVERSION = YES;
				CLANG_WARN_DEPRECATED_OBJC_IMPLEMENTATIONS = YES;
				CLANG_WARN_DIRECT_OBJC_ISA_USAGE = YES_ERROR;
				CLANG_WARN_DOCUMENTATION_COMMENTS = YES;
				CLANG_WARN_EMPTY_BODY = YES;
				CLANG_WARN_ENUM_CONVERSION = YES;
				CLANG_WARN_INFINITE_RECURSION = YES;
				CLANG_WARN_INT_CONVERSION = YES;
				CLANG_WARN_NON_LITERAL_NULL_CONVERSION = YES;
				CLANG_WARN_OBJC_IMPLICIT_RETAIN_SELF = YES;
				CLANG_WARN_OBJC_LITERAL_CONVERSION = YES;
				CLANG_WARN_OBJC_ROOT_CLASS = YES_ERROR;
				CLANG_WARN_QUOTED_INCLUDE_IN_FRAMEWORK_HEADER = YES;
				CLANG_WARN_RANGE_LOOP_ANALYSIS = YES;
				CLANG_WARN_STRICT_PROTOTYPES = YES;
				CLANG_WARN_SUSPICIOUS_MOVE = YES;
				CLANG_WARN_UNGUARDED_AVAILABILITY = YES_AGGRESSIVE;
				CLANG_WARN_UNREACHABLE_CODE = YES;
				CLANG_WARN__DUPLICATE_METHOD_MATCH = YES;
				COPY_PHASE_STRIP = NO;
				DEBUG_INFORMATION_FORMAT = dwarf;
				ENABLE_STRICT_OBJC_MSGSEND = YES;
				ENABLE_TESTABILITY = YES;
				GCC_C_LANGUAGE_STANDARD = gnu11;
				GCC_DYNAMIC_NO_PIC = NO;
				GCC_NO_COMMON_BLOCKS = YES;
				GCC_OPTIMIZATION_LEVEL = 0;
				GCC_PREPROCESSOR_DEFINITIONS = (
					"DEBUG=1",
					"$(inherited)",
				);
				GCC_WARN_64_TO_32_BIT_CONVERSION = YES;
				GCC_WARN_ABOUT_RETURN_TYPE = YES_ERROR;
				GCC_WARN_UNDECLARED_SELECTOR = YES;
				GCC_WARN_UNINITIALIZED_AUTOS = YES_AGGRESSIVE;
				GCC_WARN_UNUSED_FUNCTION = YES;
				GCC_WARN_UNUSED_VARIABLE = YES;
				IPHONEOS_DEPLOYMENT_TARGET = 16.4;
				MTL_ENABLE_DEBUG_INFO = INCLUDE_SOURCE;
				MTL_FAST_MATH = YES;
				ONLY_ACTIVE_ARCH = YES;
				SDKROOT = iphoneos;
				SWIFT_ACTIVE_COMPILATION_CONDITIONS = DEBUG;
				SWIFT_OPTIMIZATION_LEVEL = "-Onone";
			};
			name = Debug;
		};
		CEB3BF4B2A36D51500E71801 /* Release */ = {
			isa = XCBuildConfiguration;
			buildSettings = {
				ALWAYS_SEARCH_USER_PATHS = NO;
				CLANG_ANALYZER_NONNULL = YES;
				CLANG_ANALYZER_NUMBER_OBJECT_CONVERSION = YES_AGGRESSIVE;
				CLANG_CXX_LANGUAGE_STANDARD = "gnu++20";
				CLANG_ENABLE_MODULES = YES;
				CLANG_ENABLE_OBJC_ARC = YES;
				CLANG_ENABLE_OBJC_WEAK = YES;
				CLANG_WARN_BLOCK_CAPTURE_AUTORELEASING = YES;
				CLANG_WARN_BOOL_CONVERSION = YES;
				CLANG_WARN_COMMA = YES;
				CLANG_WARN_CONSTANT_CONVERSION = YES;
				CLANG_WARN_DEPRECATED_OBJC_IMPLEMENTATIONS = YES;
				CLANG_WARN_DIRECT_OBJC_ISA_USAGE = YES_ERROR;
				CLANG_WARN_DOCUMENTATION_COMMENTS = YES;
				CLANG_WARN_EMPTY_BODY = YES;
				CLANG_WARN_ENUM_CONVERSION = YES;
				CLANG_WARN_INFINITE_RECURSION = YES;
				CLANG_WARN_INT_CONVERSION = YES;
				CLANG_WARN_NON_LITERAL_NULL_CONVERSION = YES;
				CLANG_WARN_OBJC_IMPLICIT_RETAIN_SELF = YES;
				CLANG_WARN_OBJC_LITERAL_CONVERSION = YES;
				CLANG_WARN_OBJC_ROOT_CLASS = YES_ERROR;
				CLANG_WARN_QUOTED_INCLUDE_IN_FRAMEWORK_HEADER = YES;
				CLANG_WARN_RANGE_LOOP_ANALYSIS = YES;
				CLANG_WARN_STRICT_PROTOTYPES = YES;
				CLANG_WARN_SUSPICIOUS_MOVE = YES;
				CLANG_WARN_UNGUARDED_AVAILABILITY = YES_AGGRESSIVE;
				CLANG_WARN_UNREACHABLE_CODE = YES;
				CLANG_WARN__DUPLICATE_METHOD_MATCH = YES;
				COPY_PHASE_STRIP = NO;
				DEBUG_INFORMATION_FORMAT = "dwarf-with-dsym";
				ENABLE_NS_ASSERTIONS = NO;
				ENABLE_STRICT_OBJC_MSGSEND = YES;
				GCC_C_LANGUAGE_STANDARD = gnu11;
				GCC_NO_COMMON_BLOCKS = YES;
				GCC_WARN_64_TO_32_BIT_CONVERSION = YES;
				GCC_WARN_ABOUT_RETURN_TYPE = YES_ERROR;
				GCC_WARN_UNDECLARED_SELECTOR = YES;
				GCC_WARN_UNINITIALIZED_AUTOS = YES_AGGRESSIVE;
				GCC_WARN_UNUSED_FUNCTION = YES;
				GCC_WARN_UNUSED_VARIABLE = YES;
				IPHONEOS_DEPLOYMENT_TARGET = 16.4;
				MTL_ENABLE_DEBUG_INFO = NO;
				MTL_FAST_MATH = YES;
				SDKROOT = iphoneos;
				SWIFT_COMPILATION_MODE = wholemodule;
				SWIFT_OPTIMIZATION_LEVEL = "-O";
				VALIDATE_PRODUCT = YES;
			};
			name = Release;
		};
		CEB3BF4D2A36D51500E71801 /* Debug */ = {
			isa = XCBuildConfiguration;
			buildSettings = {
				ASSETCATALOG_COMPILER_APPICON_NAME = AppIcon;
				ASSETCATALOG_COMPILER_GLOBAL_ACCENT_COLOR_NAME = AccentColor;
				CODE_SIGN_STYLE = Automatic;
				CURRENT_PROJECT_VERSION = 1;
				GENERATE_INFOPLIST_FILE = YES;
				INFOPLIST_FILE = pencilKit/Info.plist;
				INFOPLIST_KEY_UIApplicationSupportsIndirectInputEvents = YES;
				INFOPLIST_KEY_UILaunchStoryboardName = LaunchScreen;
				INFOPLIST_KEY_UIMainStoryboardFile = Main;
				INFOPLIST_KEY_UISupportedInterfaceOrientations_iPad = "UIInterfaceOrientationPortrait UIInterfaceOrientationPortraitUpsideDown UIInterfaceOrientationLandscapeLeft UIInterfaceOrientationLandscapeRight";
				INFOPLIST_KEY_UISupportedInterfaceOrientations_iPhone = "UIInterfaceOrientationPortrait UIInterfaceOrientationLandscapeLeft UIInterfaceOrientationLandscapeRight";
				IPHONEOS_DEPLOYMENT_TARGET = 15.0;
				LD_RUNPATH_SEARCH_PATHS = (
					"$(inherited)",
					"@executable_path/Frameworks",
				);
				MARKETING_VERSION = 1.0;
				PRODUCT_BUNDLE_IDENTIFIER = Demo.pencilKit;
				PRODUCT_NAME = "$(TARGET_NAME)";
				SWIFT_EMIT_LOC_STRINGS = YES;
				SWIFT_VERSION = 5.0;
				TARGETED_DEVICE_FAMILY = "1,2";
			};
			name = Debug;
		};
		CEB3BF4E2A36D51500E71801 /* Release */ = {
			isa = XCBuildConfiguration;
			buildSettings = {
				ASSETCATALOG_COMPILER_APPICON_NAME = AppIcon;
				ASSETCATALOG_COMPILER_GLOBAL_ACCENT_COLOR_NAME = AccentColor;
				CODE_SIGN_STYLE = Automatic;
				CURRENT_PROJECT_VERSION = 1;
				GENERATE_INFOPLIST_FILE = YES;
				INFOPLIST_FILE = pencilKit/Info.plist;
				INFOPLIST_KEY_UIApplicationSupportsIndirectInputEvents = YES;
				INFOPLIST_KEY_UILaunchStoryboardName = LaunchScreen;
				INFOPLIST_KEY_UIMainStoryboardFile = Main;
				INFOPLIST_KEY_UISupportedInterfaceOrientations_iPad = "UIInterfaceOrientationPortrait UIInterfaceOrientationPortraitUpsideDown UIInterfaceOrientationLandscapeLeft UIInterfaceOrientationLandscapeRight";
				INFOPLIST_KEY_UISupportedInterfaceOrientations_iPhone = "UIInterfaceOrientationPortrait UIInterfaceOrientationLandscapeLeft UIInterfaceOrientationLandscapeRight";
				IPHONEOS_DEPLOYMENT_TARGET = 15.0;
				LD_RUNPATH_SEARCH_PATHS = (
					"$(inherited)",
					"@executable_path/Frameworks",
				);
				MARKETING_VERSION = 1.0;
				PRODUCT_BUNDLE_IDENTIFIER = Demo.pencilKit;
				PRODUCT_NAME = "$(TARGET_NAME)";
				SWIFT_EMIT_LOC_STRINGS = YES;
				SWIFT_VERSION = 5.0;
				TARGETED_DEVICE_FAMILY = "1,2";
			};
			name = Release;
		};
		CEB3BF502A36D51500E71801 /* Debug */ = {
			isa = XCBuildConfiguration;
			buildSettings = {
				ALWAYS_EMBED_SWIFT_STANDARD_LIBRARIES = YES;
				BUNDLE_LOADER = "$(TEST_HOST)";
				CODE_SIGN_STYLE = Automatic;
				CURRENT_PROJECT_VERSION = 1;
				GENERATE_INFOPLIST_FILE = YES;
				IPHONEOS_DEPLOYMENT_TARGET = 16.4;
				MARKETING_VERSION = 1.0;
				PRODUCT_BUNDLE_IDENTIFIER = Demo.pencilKitTests;
				PRODUCT_NAME = "$(TARGET_NAME)";
				SWIFT_EMIT_LOC_STRINGS = NO;
				SWIFT_VERSION = 5.0;
				TARGETED_DEVICE_FAMILY = "1,2";
				TEST_HOST = "$(BUILT_PRODUCTS_DIR)/pencilKit.app/$(BUNDLE_EXECUTABLE_FOLDER_PATH)/pencilKit";
			};
			name = Debug;
		};
		CEB3BF512A36D51500E71801 /* Release */ = {
			isa = XCBuildConfiguration;
			buildSettings = {
				ALWAYS_EMBED_SWIFT_STANDARD_LIBRARIES = YES;
				BUNDLE_LOADER = "$(TEST_HOST)";
				CODE_SIGN_STYLE = Automatic;
				CURRENT_PROJECT_VERSION = 1;
				GENERATE_INFOPLIST_FILE = YES;
				IPHONEOS_DEPLOYMENT_TARGET = 16.4;
				MARKETING_VERSION = 1.0;
				PRODUCT_BUNDLE_IDENTIFIER = Demo.pencilKitTests;
				PRODUCT_NAME = "$(TARGET_NAME)";
				SWIFT_EMIT_LOC_STRINGS = NO;
				SWIFT_VERSION = 5.0;
				TARGETED_DEVICE_FAMILY = "1,2";
				TEST_HOST = "$(BUILT_PRODUCTS_DIR)/pencilKit.app/$(BUNDLE_EXECUTABLE_FOLDER_PATH)/pencilKit";
			};
			name = Release;
		};
		CEB3BF532A36D51500E71801 /* Debug */ = {
			isa = XCBuildConfiguration;
			buildSettings = {
				ALWAYS_EMBED_SWIFT_STANDARD_LIBRARIES = YES;
				CODE_SIGN_STYLE = Automatic;
				CURRENT_PROJECT_VERSION = 1;
				GENERATE_INFOPLIST_FILE = YES;
				MARKETING_VERSION = 1.0;
				PRODUCT_BUNDLE_IDENTIFIER = Demo.pencilKitUITests;
				PRODUCT_NAME = "$(TARGET_NAME)";
				SWIFT_EMIT_LOC_STRINGS = NO;
				SWIFT_VERSION = 5.0;
				TARGETED_DEVICE_FAMILY = "1,2";
				TEST_TARGET_NAME = pencilKit;
			};
			name = Debug;
		};
		CEB3BF542A36D51500E71801 /* Release */ = {
			isa = XCBuildConfiguration;
			buildSettings = {
				ALWAYS_EMBED_SWIFT_STANDARD_LIBRARIES = YES;
				CODE_SIGN_STYLE = Automatic;
				CURRENT_PROJECT_VERSION = 1;
				GENERATE_INFOPLIST_FILE = YES;
				MARKETING_VERSION = 1.0;
				PRODUCT_BUNDLE_IDENTIFIER = Demo.pencilKitUITests;
				PRODUCT_NAME = "$(TARGET_NAME)";
				SWIFT_EMIT_LOC_STRINGS = NO;
				SWIFT_VERSION = 5.0;
				TARGETED_DEVICE_FAMILY = "1,2";
				TEST_TARGET_NAME = pencilKit;
			};
			name = Release;
		};
/* End XCBuildConfiguration section */

/* Begin XCConfigurationList section */
		CEB3BF1D2A36D51300E71801 /* Build configuration list for PBXProject "pencilKit" */ = {
			isa = XCConfigurationList;
			buildConfigurations = (
				CEB3BF4A2A36D51500E71801 /* Debug */,
				CEB3BF4B2A36D51500E71801 /* Release */,
			);
			defaultConfigurationIsVisible = 0;
			defaultConfigurationName = Release;
		};
		CEB3BF4C2A36D51500E71801 /* Build configuration list for PBXNativeTarget "pencilKit" */ = {
			isa = XCConfigurationList;
			buildConfigurations = (
				CEB3BF4D2A36D51500E71801 /* Debug */,
				CEB3BF4E2A36D51500E71801 /* Release */,
			);
			defaultConfigurationIsVisible = 0;
			defaultConfigurationName = Release;
		};
		CEB3BF4F2A36D51500E71801 /* Build configuration list for PBXNativeTarget "pencilKitTests" */ = {
			isa = XCConfigurationList;
			buildConfigurations = (
				CEB3BF502A36D51500E71801 /* Debug */,
				CEB3BF512A36D51500E71801 /* Release */,
			);
			defaultConfigurationIsVisible = 0;
			defaultConfigurationName = Release;
		};
		CEB3BF522A36D51500E71801 /* Build configuration list for PBXNativeTarget "pencilKitUITests" */ = {
			isa = XCConfigurationList;
			buildConfigurations = (
				CEB3BF532A36D51500E71801 /* Debug */,
				CEB3BF542A36D51500E71801 /* Release */,
			);
			defaultConfigurationIsVisible = 0;
			defaultConfigurationName = Release;
		};
/* End XCConfigurationList section */
	};
	rootObject = CEB3BF1A2A36D51300E71801 /* Project object */;
}
